[[package]]
category = "main"
description = "File support for asyncio."
name = "aiofiles"
optional = false
python-versions = "*"
version = "0.4.0"

[[package]]
category = "main"
description = "Async http client/server framework (asyncio)"
name = "aiohttp"
optional = false
python-versions = ">=3.5.3"
version = "3.6.2"

[package.dependencies]
async-timeout = ">=3.0,<4.0"
attrs = ">=17.3.0"
chardet = ">=2.0,<4.0"
multidict = ">=4.5,<5.0"
yarl = ">=1.0,<2.0"

[[package]]
category = "main"
description = "asyncio bridge to the standard sqlite3 module"
name = "aiosqlite"
optional = false
python-versions = ">=3.5"
version = "0.10.0"

[[package]]
category = "dev"
description = "A few extensions to pyyaml."
name = "aspy.yaml"
optional = false
python-versions = ">=2.7, !=3.0.*, !=3.1.*, !=3.2.*, !=3.3.*"
version = "1.3.0"

[package.dependencies]
pyyaml = "*"

[[package]]
category = "main"
description = "Timeout context manager for asyncio programs"
name = "async-timeout"
optional = false
python-versions = ">=3.5.3"
version = "3.0.1"

[[package]]
category = "dev"
description = "Atomic file writes."
name = "atomicwrites"
optional = false
python-versions = ">=2.7, !=3.0.*, !=3.1.*, !=3.2.*, !=3.3.*"
version = "1.3.0"

[[package]]
category = "main"
description = "Classes Without Boilerplate"
name = "attrs"
optional = false
python-versions = ">=2.7, !=3.0.*, !=3.1.*, !=3.2.*, !=3.3.*"
version = "19.3.0"

[[package]]
category = "main"
description = "Fast, simple object-to-object and broadcast signaling"
name = "blinker"
optional = false
python-versions = "*"
version = "1.4"

[[package]]
category = "dev"
description = "Validate configuration and produce human readable error messages."
name = "cfgv"
optional = false
python-versions = ">=2.7, !=3.0.*, !=3.1.*, !=3.2.*, !=3.3.*"
version = "2.0.1"

[package.dependencies]
six = "*"

[[package]]
category = "main"
description = "Universal encoding detector for Python 2 and 3"
name = "chardet"
optional = false
python-versions = "*"
version = "3.0.4"

[[package]]
category = "main"
description = "Composable command line interface toolkit"
name = "click"
optional = false
python-versions = ">=2.7, !=3.0.*, !=3.1.*, !=3.2.*, !=3.3.*"
version = "7.0"

[[package]]
category = "dev"
description = "Cross-platform colored terminal text."
marker = "sys_platform == \"win32\""
name = "colorama"
optional = false
python-versions = ">=2.7, !=3.0.*, !=3.1.*, !=3.2.*, !=3.3.*"
version = "0.4.1"

[[package]]
category = "dev"
description = "Code coverage measurement for Python"
name = "coverage"
optional = false
python-versions = ">=2.6, !=3.0.*, !=3.1.*, !=3.2.*, <4"
version = "4.5.4"

[[package]]
category = "dev"
description = "Discover and load entry points from installed packages."
name = "entrypoints"
optional = false
python-versions = ">=2.7"
version = "0.3"

[[package]]
category = "dev"
description = "the modular source code checker: pep8, pyflakes and co"
name = "flake8"
optional = false
python-versions = ">=2.7, !=3.0.*, !=3.1.*, !=3.2.*, !=3.3.*"
version = "3.7.9"

[package.dependencies]
entrypoints = ">=0.3.0,<0.4.0"
mccabe = ">=0.6.0,<0.7.0"
pycodestyle = ">=2.5.0,<2.6.0"
pyflakes = ">=2.1.0,<2.2.0"

[[package]]
category = "dev"
description = "A plugin for flake8 finding likely bugs and design problems in your program. Contains warnings that don't belong in pyflakes and pycodestyle."
name = "flake8-bugbear"
optional = false
python-versions = ">=3.5"
version = "19.8.0"

[package.dependencies]
attrs = "*"
flake8 = ">=3.0.0"

[[package]]
category = "dev"
description = "Flake8 lint for quotes."
name = "flake8-quotes"
optional = false
python-versions = "*"
version = "2.1.1"

[package.dependencies]
flake8 = "*"

[[package]]
category = "dev"
description = "string format checker, plugin for flake8"
name = "flake8-string-format"
optional = false
python-versions = "*"
version = "0.2.3"

[package.dependencies]
flake8 = "*"

[[package]]
category = "dev"
description = "A flake8 plugin that helps you write tidier imports."
name = "flake8-tidy-imports"
optional = false
python-versions = ">=3.4"
version = "2.0.0"

[package.dependencies]
flake8 = "!=3.2.0"

[[package]]
category = "main"
description = "A pure-Python, bring-your-own-I/O implementation of HTTP/1.1"
name = "h11"
optional = false
python-versions = "*"
version = "0.9.0"

[[package]]
category = "main"
description = "HTTP/2 State-Machine based protocol implementation"
name = "h2"
optional = false
python-versions = "*"
version = "3.1.1"

[package.dependencies]
hpack = ">=2.3,<4"
hyperframe = ">=5.2.0,<6"

[[package]]
category = "main"
description = "Pure-Python HPACK header compression"
name = "hpack"
optional = false
python-versions = "*"
version = "3.0.0"

[[package]]
category = "main"
description = "A ASGI Server based on Hyper libraries and inspired by Gunicorn."
name = "hypercorn"
optional = false
python-versions = ">=3.7"
version = "0.9.0"

[package.dependencies]
h11 = "*"
h2 = ">=3.1.0"
priority = "*"
toml = "*"
typing-extensions = "*"
wsproto = ">=0.14.0"

[[package]]
category = "main"
description = "HTTP/2 framing layer for Python"
name = "hyperframe"
optional = false
python-versions = "*"
version = "5.2.0"

[[package]]
category = "dev"
description = "File identification library for Python"
name = "identify"
optional = false
python-versions = ">=2.7, !=3.0.*, !=3.1.*, !=3.2.*, !=3.3.*"
version = "1.4.7"

[[package]]
category = "main"
description = "Internationalized Domain Names in Applications (IDNA)"
name = "idna"
optional = false
python-versions = ">=2.7, !=3.0.*, !=3.1.*, !=3.2.*, !=3.3.*"
version = "2.8"

[[package]]
category = "dev"
description = "Read metadata from Python packages"
marker = "python_version < \"3.8\""
name = "importlib-metadata"
optional = false
python-versions = ">=2.7,!=3.0,!=3.1,!=3.2,!=3.3"
version = "0.23"

[package.dependencies]
zipp = ">=0.5"

[[package]]
category = "main"
description = "Various helpers to pass data to untrusted environments and back."
name = "itsdangerous"
optional = false
python-versions = ">=2.7, !=3.0.*, !=3.1.*, !=3.2.*, !=3.3.*"
version = "1.1.0"

[[package]]
category = "main"
description = "A very fast and expressive template engine."
name = "jinja2"
optional = false
python-versions = "*"
version = "2.10.3"

[package.dependencies]
MarkupSafe = ">=0.23"

[[package]]
category = "main"
description = "Safely add untrusted strings to HTML/XML markup."
name = "markupsafe"
optional = false
python-versions = ">=2.7,!=3.0.*,!=3.1.*,!=3.2.*,!=3.3.*"
version = "1.1.1"

[[package]]
category = "dev"
description = "McCabe checker, plugin for flake8"
name = "mccabe"
optional = false
python-versions = "*"
version = "0.6.1"

[[package]]
category = "dev"
description = "More routines for operating on iterables, beyond itertools"
marker = "python_version < \"3.8\" or python_version > \"2.7\""
name = "more-itertools"
optional = false
python-versions = ">=3.4"
version = "7.2.0"

[[package]]
category = "main"
description = "multidict implementation"
name = "multidict"
optional = false
python-versions = ">=3.5"
version = "4.6.0"

[[package]]
category = "dev"
description = "Node.js virtual environment builder"
name = "nodeenv"
optional = false
python-versions = "*"
version = "1.3.3"

[[package]]
category = "main"
description = "NumPy is the fundamental package for array computing with Python."
name = "numpy"
optional = false
python-versions = ">=3.5"
version = "1.17.4"

[[package]]
category = "dev"
description = "Core utilities for Python packages"
name = "packaging"
optional = false
python-versions = ">=2.7, !=3.0.*, !=3.1.*, !=3.2.*, !=3.3.*"
version = "19.2"

[package.dependencies]
pyparsing = ">=2.0.2"
six = "*"

[[package]]
category = "dev"
description = "plugin and hook calling mechanisms for python"
name = "pluggy"
optional = false
python-versions = ">=2.7, !=3.0.*, !=3.1.*, !=3.2.*, !=3.3.*"
version = "0.13.0"

[package.dependencies]
[package.dependencies.importlib-metadata]
python = "<3.8"
version = ">=0.12"

[[package]]
category = "dev"
description = "A framework for managing and maintaining multi-language pre-commit hooks."
name = "pre-commit"
optional = false
python-versions = ">=2.7, !=3.0.*, !=3.1.*, !=3.2.*, !=3.3.*, !=3.4.*"
version = "1.20.0"

[package.dependencies]
"aspy.yaml" = "*"
cfgv = ">=2.0.0"
identify = ">=1.0.0"
nodeenv = ">=0.11.1"
pyyaml = "*"
six = "*"
toml = "*"
virtualenv = ">=15.2"

[package.dependencies.importlib-metadata]
python = "<3.8"
version = "*"

[[package]]
category = "main"
description = "A pure-Python implementation of the HTTP/2 priority tree"
name = "priority"
optional = false
python-versions = "*"
version = "1.3.0"

[[package]]
category = "dev"
description = "library with cross-python path, ini-parsing, io, code, log facilities"
name = "py"
optional = false
python-versions = ">=2.7, !=3.0.*, !=3.1.*, !=3.2.*, !=3.3.*"
version = "1.8.0"

[[package]]
category = "dev"
description = "Python style guide checker"
name = "pycodestyle"
optional = false
python-versions = ">=2.7, !=3.0.*, !=3.1.*, !=3.2.*, !=3.3.*"
version = "2.5.0"

[[package]]
category = "dev"
description = "passive checker of Python programs"
name = "pyflakes"
optional = false
python-versions = ">=2.7, !=3.0.*, !=3.1.*, !=3.2.*, !=3.3.*"
version = "2.1.1"

[[package]]
category = "dev"
description = "Python parsing module"
name = "pyparsing"
optional = false
python-versions = ">=2.6, !=3.0.*, !=3.1.*, !=3.2.*"
version = "2.4.5"

[[package]]
category = "dev"
description = "pytest: simple powerful testing with Python"
name = "pytest"
optional = false
python-versions = "!=3.0.*,!=3.1.*,!=3.2.*,!=3.3.*,>=2.7"
version = "4.6.6"

[package.dependencies]
atomicwrites = ">=1.0"
attrs = ">=17.4.0"
colorama = "*"
packaging = "*"
pluggy = ">=0.12,<1.0"
py = ">=1.5.0"
six = ">=1.10.0"
wcwidth = "*"

[package.dependencies.importlib-metadata]
python = "<3.8"
version = ">=0.12"

[package.dependencies.more-itertools]
python = ">=2.8"
version = ">=4.0.0"

[[package]]
category = "dev"
description = "Pytest support for asyncio."
name = "pytest-asyncio"
optional = false
python-versions = ">= 3.5"
version = "0.10.0"

[package.dependencies]
pytest = ">=3.0.6"

[[package]]
category = "main"
description = "Add .env support to your django/flask apps in development and deployments"
name = "python-dotenv"
optional = false
python-versions = "*"
version = "0.10.3"

[[package]]
category = "dev"
description = "YAML parser and emitter for Python"
name = "pyyaml"
optional = false
python-versions = ">=2.7, !=3.0.*, !=3.1.*, !=3.2.*, !=3.3.*"
version = "5.1.2"

[[package]]
category = "main"
description = "A Python ASGI web microframework with the same API as Flask"
name = "quart"
optional = false
python-versions = ">=3.7.0"
version = "0.9.1"

[package.dependencies]
aiofiles = "*"
blinker = "*"
click = "*"
hypercorn = ">=0.6.0"
itsdangerous = "*"
jinja2 = "*"
multidict = "*"
sortedcontainers = "*"

[[package]]
category = "main"
description = "SciPy: Scientific Library for Python"
name = "scipy"
optional = false
python-versions = ">=3.5"
version = "1.3.2"

[package.dependencies]
numpy = ">=1.13.3"

[[package]]
category = "dev"
description = "Python 2 and 3 compatibility utilities"
name = "six"
optional = false
python-versions = ">=2.6, !=3.0.*, !=3.1.*"
version = "1.13.0"

[[package]]
category = "main"
description = "Sorted Containers -- Sorted List, Sorted Dict, Sorted Set"
name = "sortedcontainers"
optional = false
python-versions = "*"
version = "2.1.0"

[[package]]
category = "main"
description = "Python Library for Tom's Obvious, Minimal Language"
name = "toml"
optional = false
python-versions = "*"
version = "0.10.0"

[[package]]
category = "main"
description = "Backported and Experimental Type Hints for Python 3.5+"
name = "typing-extensions"
optional = false
python-versions = "*"
version = "3.7.4.1"

[[package]]
category = "main"
description = "Fast implementation of asyncio event loop on top of libuv"
marker = "sys_platform == \"linux\" or sys_platform == \"darwin\""
name = "uvloop"
optional = false
python-versions = "*"
version = "0.12.2"

[[package]]
category = "dev"
description = "Virtual Python Environment builder"
name = "virtualenv"
optional = false
python-versions = "!=3.0.*,!=3.1.*,!=3.2.*,!=3.3.*,>=2.7"
version = "16.7.7"

[[package]]
category = "dev"
description = "Measures number of Terminal column cells of wide-character codes"
name = "wcwidth"
optional = false
python-versions = "*"
version = "0.1.7"

[[package]]
category = "main"
description = "WebSockets state-machine based protocol implementation"
name = "wsproto"
optional = false
python-versions = ">=3.6.1"
version = "0.15.0"

[package.dependencies]
h11 = ">=0.8.1"

[[package]]
category = "main"
description = "Yet another URL library"
name = "yarl"
optional = false
python-versions = ">=3.5.3"
version = "1.3.0"

[package.dependencies]
idna = ">=2.0"
multidict = ">=4.0"

[[package]]
category = "dev"
description = "Backport of pathlib-compatible object wrapper for zip files"
marker = "python_version < \"3.8\""
name = "zipp"
optional = false
python-versions = ">=2.7"
version = "0.6.0"

[package.dependencies]
more-itertools = "*"

[metadata]
content-hash = "ec2f84834fc1dfceae74383dc18775d96d78394a856dbd009ac568d19023112d"
python-versions = "^3.7"

[metadata.hashes]
aiofiles = ["021ea0ba314a86027c166ecc4b4c07f2d40fc0f4b3a950d1868a0f2571c2bbee", "1e644c2573f953664368de28d2aa4c89dfd64550429d0c27c4680ccd3aa4985d"]
aiohttp = ["1e984191d1ec186881ffaed4581092ba04f7c61582a177b187d3a2f07ed9719e", "259ab809ff0727d0e834ac5e8a283dc5e3e0ecc30c4d80b3cd17a4139ce1f326", "2f4d1a4fdce595c947162333353d4a44952a724fba9ca3205a3df99a33d1307a", "32e5f3b7e511aa850829fbe5aa32eb455e5534eaa4b1ce93231d00e2f76e5654", "344c780466b73095a72c616fac5ea9c4665add7fc129f285fbdbca3cccf4612a", "460bd4237d2dbecc3b5ed57e122992f60188afe46e7319116da5eb8a9dfedba4", "4c6efd824d44ae697814a2a85604d8e992b875462c6655da161ff18fd4f29f17", "50aaad128e6ac62e7bf7bd1f0c0a24bc968a0c0590a726d5a955af193544bcec", "6206a135d072f88da3e71cc501c59d5abffa9d0bb43269a6dcd28d66bfafdbdd", "65f31b622af739a802ca6fd1a3076fd0ae523f8485c52924a89561ba10c49b48", "ae55bac364c405caa23a4f2d6cfecc6a0daada500274ffca4a9230e7129eac59", "b778ce0c909a2653741cb4b1ac7015b5c130ab9c897611df43ae6a58523cb965"]
aiosqlite = ["ad84fbd7516ca7065d799504fc41d6845c938e5306d1b7dd960caaeda12e22a9"]
"aspy.yaml" = ["463372c043f70160a9ec950c3f1e4c3a82db5fca01d334b6bc89c7164d744bdc", "e7c742382eff2caed61f87a39d13f99109088e5e93f04d76eb8d4b28aa143f45"]
async-timeout = ["0c3c816a028d47f659d6ff5c745cb2acf1f966da1fe5c19c77a70282b25f4c5f", "4291ca197d287d274d0b6cb5d6f8f8f82d434ed288f962539ff18cc9012f9ea3"]
atomicwrites = ["03472c30eb2c5d1ba9227e4c2ca66ab8287fbfbbda3888aa93dc2e28fc6811b4", "75a9445bac02d8d058d5e1fe689654ba5a6556a1dfd8ce6ec55a0ed79866cfa6"]
attrs = ["08a96c641c3a74e44eb59afb61a24f2cb9f4d7188748e76ba4bb5edfa3cb7d1c", "f7b7ce16570fe9965acd6d30101a28f62fb4a7f9e926b3bbc9b61f8b04247e72"]
blinker = ["471aee25f3992bd325afa3772f1063dbdbbca947a041b8b89466dc00d606f8b6"]
cfgv = ["edb387943b665bf9c434f717bf630fa78aecd53d5900d2e05da6ad6048553144", "fbd93c9ab0a523bf7daec408f3be2ed99a980e20b2d19b50fc184ca6b820d289"]
chardet = ["84ab92ed1c4d4f16916e05906b6b75a6c0fb5db821cc65e70cbd64a3e2a5eaae", "fc323ffcaeaed0e0a02bf4d117757b98aed530d9ed4531e3e15460124c106691"]
click = ["2335065e6395b9e67ca716de5f7526736bfa6ceead690adf616d925bdc622b13", "5b94b49521f6456670fdb30cd82a4eca9412788a93fa6dd6df72c94d5a8ff2d7"]
colorama = ["05eed71e2e327246ad6b38c540c4a3117230b19679b875190486ddd2d721422d", "f8ac84de7840f5b9c4e3347b3c1eaa50f7e49c2b07596221daec5edaabbd7c48"]
coverage = ["08907593569fe59baca0bf152c43f3863201efb6113ecb38ce7e97ce339805a6", "0be0f1ed45fc0c185cfd4ecc19a1d6532d72f86a2bac9de7e24541febad72650", "141f08ed3c4b1847015e2cd62ec06d35e67a3ac185c26f7635f4406b90afa9c5", "19e4df788a0581238e9390c85a7a09af39c7b539b29f25c89209e6c3e371270d", "23cc09ed395b03424d1ae30dcc292615c1372bfba7141eb85e11e50efaa6b351", "245388cda02af78276b479f299bbf3783ef0a6a6273037d7c60dc73b8d8d7755", "331cb5115673a20fb131dadd22f5bcaf7677ef758741312bee4937d71a14b2ef", "386e2e4090f0bc5df274e720105c342263423e77ee8826002dcffe0c9533dbca", "3a794ce50daee01c74a494919d5ebdc23d58873747fa0e288318728533a3e1ca", "60851187677b24c6085248f0a0b9b98d49cba7ecc7ec60ba6b9d2e5574ac1ee9", "63a9a5fc43b58735f65ed63d2cf43508f462dc49857da70b8980ad78d41d52fc", "6b62544bb68106e3f00b21c8930e83e584fdca005d4fffd29bb39fb3ffa03cb5", "6ba744056423ef8d450cf627289166da65903885272055fb4b5e113137cfa14f", "7494b0b0274c5072bddbfd5b4a6c6f18fbbe1ab1d22a41e99cd2d00c8f96ecfe", "826f32b9547c8091679ff292a82aca9c7b9650f9fda3e2ca6bf2ac905b7ce888", "93715dffbcd0678057f947f496484e906bf9509f5c1c38fc9ba3922893cda5f5", "9a334d6c83dfeadae576b4d633a71620d40d1c379129d587faa42ee3e2a85cce", "af7ed8a8aa6957aac47b4268631fa1df984643f07ef00acd374e456364b373f5", "bf0a7aed7f5521c7ca67febd57db473af4762b9622254291fbcbb8cd0ba5e33e", "bf1ef9eb901113a9805287e090452c05547578eaab1b62e4ad456fcc049a9b7e", "c0afd27bc0e307a1ffc04ca5ec010a290e49e3afbe841c5cafc5c5a80ecd81c9", "dd579709a87092c6dbee09d1b7cfa81831040705ffa12a1b248935274aee0437", "df6712284b2e44a065097846488f66840445eb987eb81b3cc6e4149e7b6982e1", "e07d9f1a23e9e93ab5c62902833bf3e4b1f65502927379148b6622686223125c", "e2ede7c1d45e65e209d6093b762e98e8318ddeff95317d07a27a2140b80cfd24", "e4ef9c164eb55123c62411f5936b5c2e521b12356037b6e1c2617cef45523d47", "eca2b7343524e7ba246cab8ff00cab47a2d6d54ada3b02772e908a45675722e2", "eee64c616adeff7db37cc37da4180a3a5b6177f5c46b187894e633f088fb5b28", "ef824cad1f980d27f26166f86856efe11eff9912c4fed97d3804820d43fa550c", "efc89291bd5a08855829a3c522df16d856455297cf35ae827a37edac45f466a7", "fa964bae817babece5aa2e8c1af841bebb6d0b9add8e637548809d040443fee0", "ff37757e068ae606659c28c3bd0d923f9d29a85de79bf25b2b34b148473b5025"]
entrypoints = ["589f874b313739ad35be6e0cd7efde2a4e9b6fea91edcc34e58ecbb8dbe56d19", "c70dd71abe5a8c85e55e12c19bd91ccfeec11a6e99044204511f9ed547d48451"]
flake8 = ["45681a117ecc81e870cbf1262835ae4af5e7a8b08e40b944a8a6e6b895914cfb", "49356e766643ad15072a789a20915d3c91dc89fd313ccd71802303fd67e4deca"]
flake8-bugbear = ["d8c466ea79d5020cb20bf9f11cf349026e09517a42264f313d3f6fddb83e0571", "ded4d282778969b5ab5530ceba7aa1a9f1b86fa7618fc96a19a1d512331640f8"]
flake8-quotes = ["11a15d30c92ca5f04c2791bd7019cf62b6f9d3053eb050d02a135557eb118bfc"]
flake8-string-format = ["68ea72a1a5b75e7018cae44d14f32473c798cf73d75cbaed86c6a9a907b770b2", "774d56103d9242ed968897455ef49b7d6de272000cfa83de5814273a868832f1"]
flake8-tidy-imports = ["1c476aabc6e8db26dc75278464a3a392dba0ea80562777c5f13fd5cdf2646154", "b3f5b96affd0f57cacb6621ed28286ce67edaca807757b51227043ebf7b136a1"]
h11 = ["33d4bca7be0fa039f4e84d50ab00531047e53d6ee8ffbc83501ea602c169cae1", "4bc6d6a1238b7615b266ada57e0618568066f57dd6fa967d1290ec9309b2f2f1"]
h2 = ["ac377fcf586314ef3177bfd90c12c7826ab0840edeb03f0f24f511858326049e", "b8a32bd282594424c0ac55845377eea13fa54fe4a8db012f3a198ed923dc3ab4"]
hpack = ["0edd79eda27a53ba5be2dfabf3b15780928a0dff6eb0c60a3d6767720e970c89", "8eec9c1f4bfae3408a3f30500261f7e6a65912dc138526ea054f9ad98892e9d2"]
hypercorn = ["e41aa7bd3b16f0a1af6c43cd9fb21af0d245fe2796ce29bcfe8dd9ab9bacd975", "e8dc880d57cdb8103873316d195600e3ece5dc32e3f108cb0c32862ce81a5480"]
hyperframe = ["5187962cb16dcc078f23cb5a4b110098d546c3f41ff2d4038a9896893bbd0b40", "a9f5c17f2cc3c719b917c4f33ed1c61bd1f8dfac4b1bd23b7c80b3400971b41f"]
identify = ["4f1fe9a59df4e80fcb0213086fcf502bc1765a01ea4fe8be48da3b65afd2a017", "d8919589bd2a5f99c66302fec0ef9027b12ae150b0b0213999ad3f695fc7296e"]
idna = ["c357b3f628cf53ae2c4c05627ecc484553142ca23264e593d327bcde5e9c3407", "ea8b7f6188e6fa117537c3df7da9fc686d485087abf6ac197f9c46432f7e4a3c"]
importlib-metadata = ["aa18d7378b00b40847790e7c27e11673d7fed219354109d0e7b9e5b25dc3ad26", "d5f18a79777f3aa179c145737780282e27b508fc8fd688cb17c7a813e8bd39af"]
itsdangerous = ["321b033d07f2a4136d3ec762eac9f16a10ccd60f53c0c91af90217ace7ba1f19", "b12271b2047cb23eeb98c8b5622e2e5c5e9abd9784a153e9d8ef9cb4dd09d749"]
jinja2 = ["74320bb91f31270f9551d46522e33af46a80c3d619f4a4bf42b3164d30b5911f", "9fe95f19286cfefaa917656583d020be14e7859c6b0252588391e47db34527de"]
markupsafe = ["00bc623926325b26bb9605ae9eae8a215691f33cae5df11ca5424f06f2d1f473", "09027a7803a62ca78792ad89403b1b7a73a01c8cb65909cd876f7fcebd79b161", "09c4b7f37d6c648cb13f9230d847adf22f8171b1ccc4d5682398e77f40309235", "1027c282dad077d0bae18be6794e6b6b8c91d58ed8a8d89a89d59693b9131db5", "24982cc2533820871eba85ba648cd53d8623687ff11cbb805be4ff7b4c971aff", "29872e92839765e546828bb7754a68c418d927cd064fd4708fab9fe9c8bb116b", "43a55c2930bbc139570ac2452adf3d70cdbb3cfe5912c71cdce1c2c6bbd9c5d1", "46c99d2de99945ec5cb54f23c8cd5689f6d7177305ebff350a58ce5f8de1669e", "500d4957e52ddc3351cabf489e79c91c17f6e0899158447047588650b5e69183", "535f6fc4d397c1563d08b88e485c3496cf5784e927af890fb3c3aac7f933ec66", "62fe6c95e3ec8a7fad637b7f3d372c15ec1caa01ab47926cfdf7a75b40e0eac1", "6dd73240d2af64df90aa7c4e7481e23825ea70af4b4922f8ede5b9e35f78a3b1", "717ba8fe3ae9cc0006d7c451f0bb265ee07739daf76355d06366154ee68d221e", "79855e1c5b8da654cf486b830bd42c06e8780cea587384cf6545b7d9ac013a0b", "7c1699dfe0cf8ff607dbdcc1e9b9af1755371f92a68f706051cc8c37d447c905", "88e5fcfb52ee7b911e8bb6d6aa2fd21fbecc674eadd44118a9cc3863f938e735", "8defac2f2ccd6805ebf65f5eeb132adcf2ab57aa11fdf4c0dd5169a004710e7d", "98c7086708b163d425c67c7a91bad6e466bb99d797aa64f965e9d25c12111a5e", "9add70b36c5666a2ed02b43b335fe19002ee5235efd4b8a89bfcf9005bebac0d", "9bf40443012702a1d2070043cb6291650a0841ece432556f784f004937f0f32c", "ade5e387d2ad0d7ebf59146cc00c8044acbd863725f887353a10df825fc8ae21", "b00c1de48212e4cc9603895652c5c410df699856a2853135b3967591e4beebc2", "b1282f8c00509d99fef04d8ba936b156d419be841854fe901d8ae224c59f0be5", "b2051432115498d3562c084a49bba65d97cf251f5a331c64a12ee7e04dacc51b", "ba59edeaa2fc6114428f1637ffff42da1e311e29382d81b339c1817d37ec93c6", "c8716a48d94b06bb3b2524c2b77e055fb313aeb4ea620c8dd03a105574ba704f", "cd5df75523866410809ca100dc9681e301e3c27567cf498077e8551b6d20e42f", "e249096428b3ae81b08327a63a485ad0878de3fb939049038579ac0ef61e17e7"]
mccabe = ["ab8a6258860da4b6677da4bd2fe5dc2c659cff31b3ee4f7f5d64e79735b80d42", "dd8d182285a0fe56bace7f45b5e7d1a6ebcbf524e8f3bd87eb0f125271b8831f"]
more-itertools = ["409cd48d4db7052af495b09dec721011634af3753ae1ef92d2b32f73a745f832", "92b8c4b06dac4f0611c0729b2f2ede52b2e1bac1ab48f089c7ddc12e26bb60c4"]
multidict = ["08f00f616e4353dcdc0d099f36a41ec97246bf21f8c47bcdc0dded2f7d19a504", "38dc36421645832935221f7e59fb6a28e4b46a8964afe4bcebaf571990cca71d", "56b6d68a491884878f71a9e26cb97938be079676fb085f8918b5c04341d32fcc", "56fb5c003ef5d7b0d4957fe2d36fc29df16e56667ef78ee2a5bc5379c874fff0", "79eb0e87345581ee54517aa992a7ba712992cc49365ebe8dee8941deff8f05fa", "8a8a2d751d6819c78f34e9b0585b6a4bdba48419b974ea4da1f18266f4bf58be", "8f36da9daa09442ce948a62920dd07db79cbfec7e3bbf59aafbf1074cf12a1e6", "9190079aba47b54332bbcc45076c920622178f8df46e518bdbbfdf248c263947", "92c2a0ca7eaac81fd666f62a9020ad076c98b49e2176c1687b00ea736c7f5470", "a832c84e304ccb14dd49c28c04c944700fe6223c6ec3a0a7cb939c54b9c79e1d", "b0949bffd86aa640d3ad7c5dfc87b472097b9de44ff7c00f790eba4e5233f44f", "b949a2c80136aec1b5b68538924c12e13f37f26d10f0ca54ff2cce84368ff8cc", "e74cbadef9c961152c765f64efe959c8051d9fcfb89f18bcdf1fdd6e60facfc7", "ee2a54a197392752ca1bcd9cdb0e2a96fdefe2f0e029b2c09b72e03197c88a52", "eef66d45b31a6419c6ba35a782fcb5c34ffffc92d7a551e56ff30a2000640d8d", "f83cb1ca64da2c3793a3b18998008f451e6898fc07efd44567855378d84251ae", "fb1274ca2fc7a510b85b07923c54ffd2186b8043e191b2b791f9b578a8609504"]
nodeenv = ["ad8259494cf1c9034539f6cced78a1da4840a4b157e23640bc4a0c0546b0cb7a"]
numpy = ["0a7a1dd123aecc9f0076934288ceed7fd9a81ba3919f11a855a7887cbe82a02f", "0c0763787133dfeec19904c22c7e358b231c87ba3206b211652f8cbe1241deb6", "3d52298d0be333583739f1aec9026f3b09fdfe3ddf7c7028cb16d9d2af1cca7e", "43bb4b70585f1c2d153e45323a886839f98af8bfa810f7014b20be714c37c447", "475963c5b9e116c38ad7347e154e5651d05a2286d86455671f5b1eebba5feb76", "64874913367f18eb3013b16123c9fed113962e75d809fca5b78ebfbb73ed93ba", "683828e50c339fc9e68720396f2de14253992c495fdddef77a1e17de55f1decc", "6ca4000c4a6f95a78c33c7dadbb9495c10880be9c89316aa536eac359ab820ae", "75fd817b7061f6378e4659dd792c84c0b60533e867f83e0d1e52d5d8e53df88c", "7d81d784bdbed30137aca242ab307f3e65c8d93f4c7b7d8f322110b2e90177f9", "8d0af8d3664f142414fd5b15cabfd3b6cc3ef242a3c7a7493257025be5a6955f", "9679831005fb16c6df3dd35d17aa31dc0d4d7573d84f0b44cc481490a65c7725", "a8f67ebfae9f575d85fa859b54d3bdecaeece74e3274b0b5c5f804d7ca789fe1", "acbf5c52db4adb366c064d0b7c7899e3e778d89db585feadd23b06b587d64761", "ada4805ed51f5bcaa3a06d3dd94939351869c095e30a2b54264f5a5004b52170", "c7354e8f0eca5c110b7e978034cd86ed98a7a5ffcf69ca97535445a595e07b8e", "e2e9d8c87120ba2c591f60e32736b82b67f72c37ba88a4c23c81b5b8fa49c018", "e467c57121fe1b78a8f68dd9255fbb3bb3f4f7547c6b9e109f31d14569f490c3", "ede47b98de79565fcd7f2decb475e2dcc85ee4097743e551fe26cfc7eb3ff143", "f58913e9227400f1395c7b800503ebfdb0772f1c33ff8cb4d6451c06cabdf316", "fe39f5fd4103ec4ca3cb8600b19216cd1ff316b4990f4c0b6057ad982c0a34d5"]
packaging = ["28b924174df7a2fa32c1953825ff29c61e2f5e082343165438812f00d3a7fc47", "d9551545c6d761f3def1677baf08ab2a3ca17c56879e70fecba2fc4dde4ed108"]
pluggy = ["0db4b7601aae1d35b4a033282da476845aa19185c1e6964b25cf324b5e4ec3e6", "fa5fa1622fa6dd5c030e9cad086fa19ef6a0cf6d7a2d12318e10cb49d6d68f34"]
pre-commit = ["9f152687127ec90642a2cc3e4d9e1e6240c4eb153615cb02aa1ad41d331cbb6e", "c2e4810d2d3102d354947907514a78c5d30424d299dc0fe48f5aa049826e9b50"]
priority = ["6bc1961a6d7fcacbfc337769f1a382c8e746566aaa365e78047abe9f66b2ffbe", "be4fcb94b5e37cdeb40af5533afe6dd603bd665fe9c8b3052610fc1001d5d1eb"]
py = ["64f65755aee5b381cea27766a3a147c3f15b9b6b9ac88676de66ba2ae36793fa", "dc639b046a6e2cff5bbe40194ad65936d6ba360b52b3c3fe1d08a82dd50b5e53"]
pycodestyle = ["95a2219d12372f05704562a14ec30bc76b05a5b297b21a5dfe3f6fac3491ae56", "e40a936c9a450ad81df37f549d676d127b1b66000a6c500caa2b085bc0ca976c"]
pyflakes = ["17dbeb2e3f4d772725c777fabc446d5634d1038f234e77343108ce445ea69ce0", "d976835886f8c5b31d47970ed689944a0262b5f3afa00a5a7b4dc81e5449f8a2"]
pyparsing = ["20f995ecd72f2a1f4bf6b072b63b22e2eb457836601e76d6e5dfcd75436acc1f", "4ca62001be367f01bd3e92ecbb79070272a9d4964dce6a48a82ff0b8bc7e683a"]
pytest = ["5d0d20a9a66e39b5845ab14f8989f3463a7aa973700e6cdf02db69da9821e738", "692d9351353ef709c1126266579edd4fd469dcf6b5f4f583050f72161d6f3592"]
pytest-asyncio = ["9fac5100fd716cbecf6ef89233e8590a4ad61d729d1732e0a96b84182df1daaf", "d734718e25cfc32d2bf78d346e99d33724deeba774cc4afdf491530c6184b63b"]
python-dotenv = ["debd928b49dbc2bf68040566f55cdb3252458036464806f4094487244e2a4093", "f157d71d5fec9d4bd5f51c82746b6344dffa680ee85217c123f4a0c8117c4544"]
pyyaml = ["0113bc0ec2ad727182326b61326afa3d1d8280ae1122493553fd6f4397f33df9", "01adf0b6c6f61bd11af6e10ca52b7d4057dd0be0343eb9283c878cf3af56aee4", "5124373960b0b3f4aa7df1707e63e9f109b5263eca5976c66e08b1c552d4eaf8", "5ca4f10adbddae56d824b2c09668e91219bb178a1eee1faa56af6f99f11bf696", "7907be34ffa3c5a32b60b95f4d95ea25361c951383a894fec31be7252b2b6f34", "7ec9b2a4ed5cad025c2278a1e6a19c011c80a3caaac804fd2d329e9cc2c287c9", "87ae4c829bb25b9fe99cf71fbb2140c448f534e24c998cc60f39ae4f94396a73", "9de9919becc9cc2ff03637872a440195ac4241c80536632fffeb6a1e25a74299", "a5a85b10e450c66b49f98846937e8cfca1db3127a9d5d1e31ca45c3d0bef4c5b", "b0997827b4f6a7c286c01c5f60384d218dca4ed7d9efa945c3e1aa623d5709ae", "b631ef96d3222e62861443cc89d6563ba3eeb816eeb96b2629345ab795e53681", "bf47c0607522fdbca6c9e817a6e81b08491de50f3766a7a0e6a5be7905961b41", "f81025eddd0327c7d4cfe9b62cf33190e1e736cc6e97502b3ec425f574b3e7a8"]
quart = ["3122d7dd3535301d0f4075657b71842bbef9044a3086091e82637eade72c2f2a", "3b3e1207bdecbbae35b9aeef137abcf273768034423df77c9ad1034a105ddde3"]
scipy = ["0359576d8cc058bd615999cf985e2423dc6cc824666d60e8b8d4810569a04655", "07673b5b96dbe28c88f3a53ca9af67f802aa853de7402e31f473b4dd6501c799", "0f81e71149539ac09053a3f9165659367b060eceef3bbde11e6600e1c341f1f2", "125aa82f7b3d4bd7f77fed6c3c6e31be47e33f129d829799569389ae59f913e7", "2dc26e5b3eb86b7adad506b6b04020f6a87e1102c9acd039e937d28bdcee7fa6", "2e4b5fdb635dd425bf46fbd6381612692d3c795f1eb6fe62410305a440691d46", "33ac3213ee617bbc0eac84d02b130d69093ed7738afb281dfdeb12a9dbdf1530", "34c48d922760782732d6f8f4532e320984d1280763c6787c6582021d34c8ad79", "3f556f63e070e9596624e42e99d23b259d8f0fc63ec093bef97a9f1c579565b2", "470d8fc76ccab6cfff60a9de4ce316a23ee7f63615d948c7446dc7c1bb45042d", "4ad7a3ae9831d2085d6f50b81bfcd76368293eafdf31f4ac9f109c6061309c24", "61812a7db0d9bc3f13653e52b8ddb1935cf444ec55f39160fc2778aeb2719057", "7a0477929e6f9d5928fe81fe75d00b7da9545a49109e66028d85848b18aeef99", "9c3221039da50f3b60da70b65d6b020ea26cefbb097116cfec696010432d1f6c", "a03939b431994289f39373c57bbe452974a7da724ae7f9620a1beee575434da4", "df4dbd3d40db3f667e0145dba5f50954bf28b2dd5b8b400c79d5e3fe8cb67ce2", "e837c8068bd1929a533e9d51562faf6584ddb5303d9e218d8c11aa4719dcd617", "ecfd45ca0ce1d6c13bef17794b4052cc9a9574f4be8d44c9bcfd7e34294bd2d7", "ee5888c62cd83c9bf9927ffcee08434e7d5c81a8f31e5b85af5470e511022c08", "f018892621b787b9abf76d51d1f0c21611c71752ebb1891ccf7992e0bf973708", "f2d5db81d90d14a32d4aff920f52fca5639bcaaaf87b4f61bce83a1d238f49fc"]
six = ["1f1b7d42e254082a9db6279deae68afb421ceba6158efa6131de7b3003ee93fd", "30f610279e8b2578cab6db20741130331735c781b56053c59c4076da27f06b66"]
sortedcontainers = ["974e9a32f56b17c1bac2aebd9dcf197f3eb9cd30553c5852a3187ad162e1a03a", "d9e96492dd51fae31e60837736b38fe42a187b5404c16606ff7ee7cd582d4c60"]
toml = ["229f81c57791a41d65e399fc06bf0848bab550a9dfd5ed66df18ce5f05e73d5c", "235682dd292d5899d361a811df37e04a8828a5b1da3115886b73cf81ebc9100e", "f1db651f9657708513243e61e6cc67d101a39bad662eaa9b5546f789338e07a3"]
typing-extensions = ["091ecc894d5e908ac75209f10d5b4f118fbdb2eb1ede6a63544054bb1edb41f2", "910f4656f54de5993ad9304959ce9bb903f90aadc7c67a0bef07e678014e892d", "cf8b63fedea4d89bab840ecbb93e75578af28f76f66c35889bd7065f5af88575"]
uvloop = ["0fcd894f6fc3226a962ee7ad895c4f52e3f5c3c55098e21efb17c071849a0573", "2f31de1742c059c96cb76b91c5275b22b22b965c886ee1fced093fa27dde9e64", "459e4649fcd5ff719523de33964aa284898e55df62761e7773d088823ccbd3e0", "67867aafd6e0bc2c30a079603a85d83b94f23c5593b3cc08ec7e58ac18bf48e5", "8c200457e6847f28d8bb91c5e5039d301716f5f2fce25646f5fb3fd65eda4a26", "958906b9ca39eb158414fbb7d6b8ef1b7aee4db5c8e8e5d00fcbb69a1ce9dca7", "ac1dca3d8f3ef52806059e81042ee397ac939e5a86c8a3cea55d6b087db66115", "b284c22d8938866318e3b9d178142b8be316c52d16fcfe1560685a686718a021", "c48692bf4587ce281d641087658eca275a5ad3b63c78297bbded96570ae9ce8f", "fefc3b2b947c99737c348887db2c32e539160dcbeb7af9aa6b53db7a283538fe"]
virtualenv = ["11cb4608930d5fd3afb545ecf8db83fa50e1f96fc4fca80c94b07d2c83146589", "d257bb3773e48cac60e475a19b608996c73f4d333b3ba2e4e57d5ac6134e0136"]
wcwidth = ["3df37372226d6e63e1b1e1eda15c594bca98a22d33a23832a90998faa96bc65e", "f4ebe71925af7b40a864553f761ed559b43544f8f71746c2d756c7fe788ade7c"]
wsproto = ["614798c30e5dc2b3f65acc03d2d50842b97621487350ce79a80a711229edfa9d", "e3d190a11d9307112ba23bbe60055604949b172143969c8f641318476a9b6f1d"]
yarl = ["024ecdc12bc02b321bc66b41327f930d1c2c543fa9a561b39861da9388ba7aa9", "2f3010703295fbe1aec51023740871e64bb9664c789cba5a6bdf404e93f7568f", "3890ab952d508523ef4881457c4099056546593fa05e93da84c7250516e632eb", "3e2724eb9af5dc41648e5bb304fcf4891adc33258c6e14e2a7414ea32541e320", "5badb97dd0abf26623a9982cd448ff12cb39b8e4c94032ccdedf22ce01a64842", "73f447d11b530d860ca1e6b582f947688286ad16ca42256413083d13f260b7a0", "7ab825726f2940c16d92aaec7d204cfc34ac26c0040da727cf8ba87255a33829", "b25de84a8c20540531526dfbb0e2d2b648c13fd5dd126728c496d7c3fea33310", "c6e341f5a6562af74ba55205dbd56d248daf1b5748ec48a0200ba227bb9e33f4", "c9bb7c249c4432cd47e75af3864bc02d26c9594f49c82e2a28624417f0ae63b8", "e060906c0c585565c718d1c3841747b61c5439af2211e185f6739a9412dfbde1"]
zipp = ["3718b1cbcd963c7d4c5511a8240812904164b7f381b647143a89d3b98f9bcd8e", "f06903e9f1f43b12d371004b4ac7b06ab39a44adc747266928ae6debfa7b3335"]
